{
  "name": "site-watch",
  "version": "1.0.0",
  "lockfileVersion": 1,
  "requires": true,
  "dependencies": {
    "easytimer.js": {
      "version": "4.0.1",
      "resolved": "https://registry.npmjs.org/easytimer.js/-/easytimer.js-4.0.1.tgz",
      "integrity": "sha512-R1i5rWGtWNgJEfSsJ6gc7ypGOthp+pbYBB2HLjKpICJZ/ARYbsDfOLBpTDu02Qo0dsblM21SQWr0gnwELzKndQ=="
    }
  }
}
